
Microsoft Visual Studio Solution File, Format Version 12.00
# Visual Studio 15
VisualStudioVersion = 15.0.28307.271
MinimumVisualStudioVersion = 10.0.40219.1
Project("{F2A71F9B-5D33-465A-A702-920D77279786}") = "WordCountTest", "WordCountTest\WordCountTest.fsproj", "{B105B302-D031-4EA8-974A-BAB9FFB71E41}"
EndProject
Global
	GlobalSection(SolutionConfigurationPlatforms) = preSolution
		Debug|Any CPU = Debug|Any CPU
		Release|Any CPU = Release|Any CPU
	EndGlobalSection
	GlobalSection(ProjectConfigurationPlatforms) = postSolution
		{B105B302-D031-4EA8-974A-BAB9FFB71E41}.Debug|Any CPU.ActiveCfg = Debug|Any CPU
		{B105B302-D031-4EA8-974A-BAB9FFB71E41}.Debug|Any CPU.Build.0 = Debug|Any CPU
		{B105B302-D031-4EA8-974A-BAB9FFB71E41}.Release|Any CPU.ActiveCfg = Release|Any CPU
		{B105B302-D031-4EA8-974A-BAB9FFB71E41}.Release|Any CPU.Build.0 = Release|Any CPU
	EndGlobalSection
	GlobalSection(SolutionProperties) = preSolution
		HideSolutionNode = FALSE
	EndGlobalSection
	GlobalSection(ExtensibilityGlobals) = postSolution
		SolutionGuid = {86D5C377-A332-433C-8392-5412E8BF4560}
	EndGlobalSection
EndGlobal
